<Solution>
  <Folder Name="/src/">
    <Project Path="src/PrimeCalculator.Logic/PrimeCalculator.Logic.csproj" />
    <Project Path="src/PrimeCalculatorApp/PrimeCalculatorApp.csproj" />
  </Folder>
  <Folder Name="/tests/">
    <Project Path="tests/PrimeCalculatorTests/PrimeCalculatorTests.csproj" />
  </Folder>
</Solution>
